
Microsoft Visual Studio Solution File, Format Version 12.00
# Visual Studio 15
VisualStudioVersion = 15.0.28307.421
MinimumVisualStudioVersion = 10.0.40219.1
Project("{9A19103F-16F7-4668-BE54-9A1E7A4F7556}") = "QSharpApplication1", "QSharpApplication1\QSharpApplication1.csproj", "{48EC4F62-AE97-4B20-BC10-FEC345B9EFCB}"
EndProject
Project("{9A19103F-16F7-4668-BE54-9A1E7A4F7556}") = "Class 4_CNOT gate", "Class 4_CNOT gate\Class 4_CNOT gate.csproj", "{7872D79A-EDF4-4076-A326-9D4BBFE6D1DB}"
EndProject
Project("{9A19103F-16F7-4668-BE54-9A1E7A4F7556}") = "Class 3_Dump Machine", "Class 3_Dump Machine\Class 3_Dump Machine.csproj", "{3C70FFF1-D162-46DD-85E2-AE379CEEBD52}"
EndProject
Project("{FAE04EC0-301F-11D3-BF4B-00C04F79EFBC}") = "Class 6_Detanglement", "Class 6_Detanglement\Class 6_Detanglement.csproj", "{2F77D8C7-5A86-4AEF-9A9A-A2DB5F377643}"
EndProject
Global
	GlobalSection(SolutionConfigurationPlatforms) = preSolution
		Debug|Any CPU = Debug|Any CPU
		Release|Any CPU = Release|Any CPU
	EndGlobalSection
	GlobalSection(ProjectConfigurationPlatforms) = postSolution
		{48EC4F62-AE97-4B20-BC10-FEC345B9EFCB}.Debug|Any CPU.ActiveCfg = Debug|Any CPU
		{48EC4F62-AE97-4B20-BC10-FEC345B9EFCB}.Debug|Any CPU.Build.0 = Debug|Any CPU
		{48EC4F62-AE97-4B20-BC10-FEC345B9EFCB}.Release|Any CPU.ActiveCfg = Release|Any CPU
		{48EC4F62-AE97-4B20-BC10-FEC345B9EFCB}.Release|Any CPU.Build.0 = Release|Any CPU
		{7872D79A-EDF4-4076-A326-9D4BBFE6D1DB}.Debug|Any CPU.ActiveCfg = Debug|Any CPU
		{7872D79A-EDF4-4076-A326-9D4BBFE6D1DB}.Debug|Any CPU.Build.0 = Debug|Any CPU
		{7872D79A-EDF4-4076-A326-9D4BBFE6D1DB}.Release|Any CPU.ActiveCfg = Release|Any CPU
		{7872D79A-EDF4-4076-A326-9D4BBFE6D1DB}.Release|Any CPU.Build.0 = Release|Any CPU
		{3C70FFF1-D162-46DD-85E2-AE379CEEBD52}.Debug|Any CPU.ActiveCfg = Debug|Any CPU
		{3C70FFF1-D162-46DD-85E2-AE379CEEBD52}.Debug|Any CPU.Build.0 = Debug|Any CPU
		{3C70FFF1-D162-46DD-85E2-AE379CEEBD52}.Release|Any CPU.ActiveCfg = Release|Any CPU
		{3C70FFF1-D162-46DD-85E2-AE379CEEBD52}.Release|Any CPU.Build.0 = Release|Any CPU
		{2F77D8C7-5A86-4AEF-9A9A-A2DB5F377643}.Debug|Any CPU.ActiveCfg = Debug|Any CPU
		{2F77D8C7-5A86-4AEF-9A9A-A2DB5F377643}.Debug|Any CPU.Build.0 = Debug|Any CPU
		{2F77D8C7-5A86-4AEF-9A9A-A2DB5F377643}.Release|Any CPU.ActiveCfg = Release|Any CPU
		{2F77D8C7-5A86-4AEF-9A9A-A2DB5F377643}.Release|Any CPU.Build.0 = Release|Any CPU
	EndGlobalSection
	GlobalSection(SolutionProperties) = preSolution
		HideSolutionNode = FALSE
	EndGlobalSection
	GlobalSection(ExtensibilityGlobals) = postSolution
		SolutionGuid = {C368C3D6-14CB-43E6-9D69-5AA56157DD39}
	EndGlobalSection
EndGlobal
